
Microsoft Visual Studio Solution File, Format Version 12.00
# Visual Studio Version 16
VisualStudioVersion = 16.0.32630.194
MinimumVisualStudioVersion = 10.0.40219.1
Project("{FAE04EC0-301F-11D3-BF4B-00C04F79EFBC}") = "Project_UI", "Project_UI\Project_UI.csproj", "{441008C0-9F15-4451-9126-6D592D134BA3}"
EndProject
Global
	GlobalSection(SolutionConfigurationPlatforms) = preSolution
		Debug|Any CPU = Debug|Any CPU
		Release|Any CPU = Release|Any CPU
	EndGlobalSection
	GlobalSection(ProjectConfigurationPlatforms) = postSolution
		{441008C0-9F15-4451-9126-6D592D134BA3}.Debug|Any CPU.ActiveCfg = Debug|Any CPU
		{441008C0-9F15-4451-9126-6D592D134BA3}.Debug|Any CPU.Build.0 = Debug|Any CPU
		{441008C0-9F15-4451-9126-6D592D134BA3}.Release|Any CPU.ActiveCfg = Release|Any CPU
		{441008C0-9F15-4451-9126-6D592D134BA3}.Release|Any CPU.Build.0 = Release|Any CPU
	EndGlobalSection
	GlobalSection(SolutionProperties) = preSolution
		HideSolutionNode = FALSE
	EndGlobalSection
	GlobalSection(ExtensibilityGlobals) = postSolution
		SolutionGuid = {4C0F87D7-EAA1-4B32-BFA8-95E5E3099F4F}
	EndGlobalSection
EndGlobal
